
Microsoft Visual Studio Solution File, Format Version 12.00
# Visual Studio Version 17
VisualStudioVersion = 17.8.34511.84
MinimumVisualStudioVersion = 10.0.40219.1
Project("{FAE04EC0-301F-11D3-BF4B-00C04F79EFBC}") = "miniProyectoNotas_SLE.Android", "miniProyectoNotas_SLE.Android\miniProyectoNotas_SLE.Android.csproj", "{1B4334C0-3035-4930-A424-8DA79F50A0D3}"
EndProject
Project("{FAE04EC0-301F-11D3-BF4B-00C04F79EFBC}") = "miniProyectoNotas_SLE.iOS", "miniProyectoNotas_SLE.iOS\miniProyectoNotas_SLE.iOS.csproj", "{8F72F17D-2530-4EC9-8E71-18FA5B00EDC7}"
EndProject
Project("{FAE04EC0-301F-11D3-BF4B-00C04F79EFBC}") = "miniProyectoNotas_SLE", "miniProyectoNotas_SLE\miniProyectoNotas_SLE.csproj", "{5117F002-73D8-41F7-A008-FA1D7AB8BAC4}"
EndProject
Global
	GlobalSection(SolutionConfigurationPlatforms) = preSolution
		Debug|Any CPU = Debug|Any CPU
		Debug|iPhone = Debug|iPhone
		Debug|iPhoneSimulator = Debug|iPhoneSimulator
		Release|Any CPU = Release|Any CPU
		Release|iPhone = Release|iPhone
		Release|iPhoneSimulator = Release|iPhoneSimulator
	EndGlobalSection
	GlobalSection(ProjectConfigurationPlatforms) = postSolution
		{1B4334C0-3035-4930-A424-8DA79F50A0D3}.Debug|Any CPU.ActiveCfg = Debug|Any CPU
		{1B4334C0-3035-4930-A424-8DA79F50A0D3}.Debug|Any CPU.Build.0 = Debug|Any CPU
		{1B4334C0-3035-4930-A424-8DA79F50A0D3}.Debug|Any CPU.Deploy.0 = Debug|Any CPU
		{1B4334C0-3035-4930-A424-8DA79F50A0D3}.Debug|iPhone.ActiveCfg = Debug|Any CPU
		{1B4334C0-3035-4930-A424-8DA79F50A0D3}.Debug|iPhone.Build.0 = Debug|Any CPU
		{1B4334C0-3035-4930-A424-8DA79F50A0D3}.Debug|iPhone.Deploy.0 = Debug|Any CPU
		{1B4334C0-3035-4930-A424-8DA79F50A0D3}.Debug|iPhoneSimulator.ActiveCfg = Debug|Any CPU
		{1B4334C0-3035-4930-A424-8DA79F50A0D3}.Debug|iPhoneSimulator.Build.0 = Debug|Any CPU
		{1B4334C0-3035-4930-A424-8DA79F50A0D3}.Debug|iPhoneSimulator.Deploy.0 = Debug|Any CPU
		{1B4334C0-3035-4930-A424-8DA79F50A0D3}.Release|Any CPU.ActiveCfg = Release|Any CPU
		{1B4334C0-3035-4930-A424-8DA79F50A0D3}.Release|Any CPU.Build.0 = Release|Any CPU
		{1B4334C0-3035-4930-A424-8DA79F50A0D3}.Release|Any CPU.Deploy.0 = Release|Any CPU
		{1B4334C0-3035-4930-A424-8DA79F50A0D3}.Release|iPhone.ActiveCfg = Release|Any CPU
		{1B4334C0-3035-4930-A424-8DA79F50A0D3}.Release|iPhone.Build.0 = Release|Any CPU
		{1B4334C0-3035-4930-A424-8DA79F50A0D3}.Release|iPhone.Deploy.0 = Release|Any CPU
		{1B4334C0-3035-4930-A424-8DA79F50A0D3}.Release|iPhoneSimulator.ActiveCfg = Release|Any CPU
		{1B4334C0-3035-4930-A424-8DA79F50A0D3}.Release|iPhoneSimulator.Build.0 = Release|Any CPU
		{1B4334C0-3035-4930-A424-8DA79F50A0D3}.Release|iPhoneSimulator.Deploy.0 = Release|Any CPU
		{8F72F17D-2530-4EC9-8E71-18FA5B00EDC7}.Debug|Any CPU.ActiveCfg = Debug|iPhone
		{8F72F17D-2530-4EC9-8E71-18FA5B00EDC7}.Debug|Any CPU.Build.0 = Debug|iPhone
		{8F72F17D-2530-4EC9-8E71-18FA5B00EDC7}.Debug|Any CPU.Deploy.0 = Debug|iPhone
		{8F72F17D-2530-4EC9-8E71-18FA5B00EDC7}.Debug|iPhone.ActiveCfg = Debug|iPhone
		{8F72F17D-2530-4EC9-8E71-18FA5B00EDC7}.Debug|iPhone.Build.0 = Debug|iPhone
		{8F72F17D-2530-4EC9-8E71-18FA5B00EDC7}.Debug|iPhone.Deploy.0 = Debug|iPhone
		{8F72F17D-2530-4EC9-8E71-18FA5B00EDC7}.Debug|iPhoneSimulator.ActiveCfg = Debug|iPhoneSimulator
		{8F72F17D-2530-4EC9-8E71-18FA5B00EDC7}.Debug|iPhoneSimulator.Build.0 = Debug|iPhoneSimulator
		{8F72F17D-2530-4EC9-8E71-18FA5B00EDC7}.Debug|iPhoneSimulator.Deploy.0 = Debug|iPhoneSimulator
		{8F72F17D-2530-4EC9-8E71-18FA5B00EDC7}.Release|Any CPU.ActiveCfg = Release|iPhoneSimulator
		{8F72F17D-2530-4EC9-8E71-18FA5B00EDC7}.Release|Any CPU.Build.0 = Release|iPhoneSimulator
		{8F72F17D-2530-4EC9-8E71-18FA5B00EDC7}.Release|Any CPU.Deploy.0 = Release|iPhoneSimulator
		{8F72F17D-2530-4EC9-8E71-18FA5B00EDC7}.Release|iPhone.ActiveCfg = Release|iPhone
		{8F72F17D-2530-4EC9-8E71-18FA5B00EDC7}.Release|iPhone.Build.0 = Release|iPhone
		{8F72F17D-2530-4EC9-8E71-18FA5B00EDC7}.Release|iPhone.Deploy.0 = Release|iPhone
		{8F72F17D-2530-4EC9-8E71-18FA5B00EDC7}.Release|iPhoneSimulator.ActiveCfg = Release|iPhoneSimulator
		{8F72F17D-2530-4EC9-8E71-18FA5B00EDC7}.Release|iPhoneSimulator.Build.0 = Release|iPhoneSimulator
		{8F72F17D-2530-4EC9-8E71-18FA5B00EDC7}.Release|iPhoneSimulator.Deploy.0 = Release|iPhoneSimulator
		{5117F002-73D8-41F7-A008-FA1D7AB8BAC4}.Debug|Any CPU.ActiveCfg = Debug|Any CPU
		{5117F002-73D8-41F7-A008-FA1D7AB8BAC4}.Debug|Any CPU.Build.0 = Debug|Any CPU
		{5117F002-73D8-41F7-A008-FA1D7AB8BAC4}.Debug|Any CPU.Deploy.0 = Debug|Any CPU
		{5117F002-73D8-41F7-A008-FA1D7AB8BAC4}.Debug|iPhone.ActiveCfg = Debug|Any CPU
		{5117F002-73D8-41F7-A008-FA1D7AB8BAC4}.Debug|iPhone.Build.0 = Debug|Any CPU
		{5117F002-73D8-41F7-A008-FA1D7AB8BAC4}.Debug|iPhone.Deploy.0 = Debug|Any CPU
		{5117F002-73D8-41F7-A008-FA1D7AB8BAC4}.Debug|iPhoneSimulator.ActiveCfg = Debug|Any CPU
		{5117F002-73D8-41F7-A008-FA1D7AB8BAC4}.Debug|iPhoneSimulator.Build.0 = Debug|Any CPU
		{5117F002-73D8-41F7-A008-FA1D7AB8BAC4}.Debug|iPhoneSimulator.Deploy.0 = Debug|Any CPU
		{5117F002-73D8-41F7-A008-FA1D7AB8BAC4}.Release|Any CPU.ActiveCfg = Release|Any CPU
		{5117F002-73D8-41F7-A008-FA1D7AB8BAC4}.Release|Any CPU.Build.0 = Release|Any CPU
		{5117F002-73D8-41F7-A008-FA1D7AB8BAC4}.Release|Any CPU.Deploy.0 = Release|Any CPU
		{5117F002-73D8-41F7-A008-FA1D7AB8BAC4}.Release|iPhone.ActiveCfg = Release|Any CPU
		{5117F002-73D8-41F7-A008-FA1D7AB8BAC4}.Release|iPhone.Build.0 = Release|Any CPU
		{5117F002-73D8-41F7-A008-FA1D7AB8BAC4}.Release|iPhone.Deploy.0 = Release|Any CPU
		{5117F002-73D8-41F7-A008-FA1D7AB8BAC4}.Release|iPhoneSimulator.ActiveCfg = Release|Any CPU
		{5117F002-73D8-41F7-A008-FA1D7AB8BAC4}.Release|iPhoneSimulator.Build.0 = Release|Any CPU
		{5117F002-73D8-41F7-A008-FA1D7AB8BAC4}.Release|iPhoneSimulator.Deploy.0 = Release|Any CPU
	EndGlobalSection
	GlobalSection(SolutionProperties) = preSolution
		HideSolutionNode = FALSE
	EndGlobalSection
	GlobalSection(ExtensibilityGlobals) = postSolution
		SolutionGuid = {D56AE62E-7F1E-40B4-AEC2-49A129FEB3A6}
	EndGlobalSection
EndGlobal
